
Microsoft Visual Studio Solution File, Format Version 12.00
# Visual Studio Version 17
VisualStudioVersion = 17.5.33424.131
MinimumVisualStudioVersion = 15.0.26124.0
Project("{9A19103F-16F7-4668-BE54-9A1E7A4F7556}") = "Libplanet", "src\Libplanet\Libplanet.csproj", "{50E14C9A-3C2F-4A51-971F-6143952D0F1C}"
EndProject
Project("{9A19103F-16F7-4668-BE54-9A1E7A4F7556}") = "Libplanet.Tests", "test\Libplanet.Tests\Libplanet.Tests.csproj", "{3BA7D9BE-EBBF-432E-9880-0E2D2C17FCF8}"
EndProject
Project("{9A19103F-16F7-4668-BE54-9A1E7A4F7556}") = "Libplanet.Data.RocksDB", "src\Libplanet.Data.RocksDB\Libplanet.Data.RocksDB.csproj", "{A5DE942D-912D-4012-8493-1E958E5445F4}"
EndProject
Project("{9A19103F-16F7-4668-BE54-9A1E7A4F7556}") = "Libplanet.Net", "src\Libplanet.Net\Libplanet.Net.csproj", "{2E17A091-DC29-41FB-ABC8-767BD75FFB07}"
EndProject
Project("{9A19103F-16F7-4668-BE54-9A1E7A4F7556}") = "Libplanet.Net.Tests", "test\Libplanet.Net.Tests\Libplanet.Net.Tests.csproj", "{6D7A63C9-16AB-4B7E-B9C0-0956E1E02610}"
EndProject
Project("{9A19103F-16F7-4668-BE54-9A1E7A4F7556}") = "Libplanet.Data", "src\Libplanet.Data\Libplanet.Data.csproj", "{2BC01C4C-288B-4768-BAD0-9BC441D82505}"
EndProject
Project("{9A19103F-16F7-4668-BE54-9A1E7A4F7556}") = "Libplanet.State", "src\Libplanet.State\Libplanet.State.csproj", "{DDD598B2-005F-4CB2-B26B-A40CC0F9DE8E}"
EndProject
Project("{9A19103F-16F7-4668-BE54-9A1E7A4F7556}") = "Libplanet.State.Tests", "test\Libplanet.State.Tests\Libplanet.State.Tests.csproj", "{5B2BF317-7315-431F-A854-488CD541F42E}"
EndProject
Project("{9A19103F-16F7-4668-BE54-9A1E7A4F7556}") = "Libplanet.Types", "src\Libplanet.Types\Libplanet.Types.csproj", "{C7EFF544-391C-488F-A747-2663AFEED250}"
EndProject
Project("{2150E333-8FDC-42A3-9474-1A3956D46DE8}") = "src", "src", "{AC908E33-B856-4E23-9F81-B7F7C97A07F9}"
EndProject
Project("{2150E333-8FDC-42A3-9474-1A3956D46DE8}") = "test", "test", "{B9C00FAF-36CF-463A-83FA-43E6B974AE2E}"
EndProject
Project("{2150E333-8FDC-42A3-9474-1A3956D46DE8}") = "tools", "tools", "{88E7FAF4-CEEC-48B6-9114-71CFE3FC0F50}"
EndProject
Project("{FAE04EC0-301F-11D3-BF4B-00C04F79EFBC}") = "Libplanet.Serialization", "src\Libplanet.Serialization\Libplanet.Serialization.csproj", "{0527BEA9-CC2D-4C31-BCFA-350619DBC7F1}"
EndProject
Project("{FAE04EC0-301F-11D3-BF4B-00C04F79EFBC}") = "Libplanet.Serialization.Tests", "test\Libplanet.Serialization.Tests\Libplanet.Serialization.Tests.csproj", "{816ED594-DAE5-4311-AFC9-5B64D0070872}"
EndProject
Project("{FAE04EC0-301F-11D3-BF4B-00C04F79EFBC}") = "Libplanet.Data.Tests", "test\Libplanet.Data.Tests\Libplanet.Data.Tests.csproj", "{BC3E6597-E515-4C6B-BD99-767C2C66252C}"
EndProject
Project("{FAE04EC0-301F-11D3-BF4B-00C04F79EFBC}") = "Libplanet.Serialization.Analyzers", "src\Libplanet.Serialization.Analyzers\Libplanet.Serialization.Analyzers.csproj", "{CC4C156E-8357-4957-B083-97D2191D3132}"
EndProject
Project("{FAE04EC0-301F-11D3-BF4B-00C04F79EFBC}") = "Libplanet.Types.Tests", "test\Libplanet.Types.Tests\Libplanet.Types.Tests.csproj", "{D662B19C-8953-40EF-B6DD-DD8B1EF0C5B0}"
EndProject
Project("{FAE04EC0-301F-11D3-BF4B-00C04F79EFBC}") = "Libplanet.Data.LiteDB", "src\Libplanet.Data.LiteDB\Libplanet.Data.LiteDB.csproj", "{EBDBAC94-35C3-48A3-9A26-8B963FECDC2B}"
EndProject
Project("{FAE04EC0-301F-11D3-BF4B-00C04F79EFBC}") = "Libplanet.Data.LiteDB.Tests", "test\Libplanet.Data.LiteDB.Tests\Libplanet.Data.LiteDB.Tests.csproj", "{89877A45-349B-4C88-8EB2-30A92BFC84AA}"
EndProject
Project("{FAE04EC0-301F-11D3-BF4B-00C04F79EFBC}") = "Libplanet.Data.RocksDB.Tests", "test\Libplanet.Data.RocksDB.Tests\Libplanet.Data.RocksDB.Tests.csproj", "{0663E799-0F0D-4894-B47A-2EB3764D737B}"
EndProject
Project("{FAE04EC0-301F-11D3-BF4B-00C04F79EFBC}") = "Libplanet.TestUtilities", "test\Libplanet.TestUtilities\Libplanet.TestUtilities.csproj", "{E7A9528B-C7D9-4DF1-B350-45334286CFFC}"
EndProject
Project("{2150E333-8FDC-42A3-9474-1A3956D46DE8}") = "node", "node", "{23E1BE7F-3F60-4B5A-845B-FEC36FBEE74C}"
EndProject
Project("{FAE04EC0-301F-11D3-BF4B-00C04F79EFBC}") = "Libplanet.Net.NetMQ", "src\Libplanet.Net.NetMQ\Libplanet.Net.NetMQ.csproj", "{838B83D6-6C32-4C14-97CE-7078285BCF45}"
EndProject
Project("{FAE04EC0-301F-11D3-BF4B-00C04F79EFBC}") = "Libplanet.Net.NetMQ.Tests", "test\Libplanet.Net.NetMQ.Tests\Libplanet.Net.NetMQ.Tests.csproj", "{D9F63949-CB11-48E9-AA90-2D398CE45B07}"
EndProject
Global
	GlobalSection(SolutionConfigurationPlatforms) = preSolution
		Debug|Any CPU = Debug|Any CPU
		Debug|x64 = Debug|x64
		Debug|x86 = Debug|x86
		ReleaseMono|Any CPU = ReleaseMono|Any CPU
		ReleaseMono|x64 = ReleaseMono|x64
		ReleaseMono|x86 = ReleaseMono|x86
		Release|Any CPU = Release|Any CPU
		Release|x64 = Release|x64
		Release|x86 = Release|x86
	EndGlobalSection
	GlobalSection(ProjectConfigurationPlatforms) = postSolution
		{50E14C9A-3C2F-4A51-971F-6143952D0F1C}.Debug|Any CPU.ActiveCfg = Debug|Any CPU
		{50E14C9A-3C2F-4A51-971F-6143952D0F1C}.Debug|Any CPU.Build.0 = Debug|Any CPU
		{50E14C9A-3C2F-4A51-971F-6143952D0F1C}.Debug|x64.ActiveCfg = Debug|Any CPU
		{50E14C9A-3C2F-4A51-971F-6143952D0F1C}.Debug|x64.Build.0 = Debug|Any CPU
		{50E14C9A-3C2F-4A51-971F-6143952D0F1C}.Debug|x86.ActiveCfg = Debug|Any CPU
		{50E14C9A-3C2F-4A51-971F-6143952D0F1C}.Debug|x86.Build.0 = Debug|Any CPU
		{50E14C9A-3C2F-4A51-971F-6143952D0F1C}.ReleaseMono|Any CPU.ActiveCfg = Release|Any CPU
		{50E14C9A-3C2F-4A51-971F-6143952D0F1C}.ReleaseMono|Any CPU.Build.0 = Release|Any CPU
		{50E14C9A-3C2F-4A51-971F-6143952D0F1C}.ReleaseMono|x64.ActiveCfg = Release|Any CPU
		{50E14C9A-3C2F-4A51-971F-6143952D0F1C}.ReleaseMono|x64.Build.0 = Release|Any CPU
		{50E14C9A-3C2F-4A51-971F-6143952D0F1C}.ReleaseMono|x86.ActiveCfg = Release|Any CPU
		{50E14C9A-3C2F-4A51-971F-6143952D0F1C}.ReleaseMono|x86.Build.0 = Release|Any CPU
		{50E14C9A-3C2F-4A51-971F-6143952D0F1C}.Release|Any CPU.ActiveCfg = Release|Any CPU
		{50E14C9A-3C2F-4A51-971F-6143952D0F1C}.Release|Any CPU.Build.0 = Release|Any CPU
		{50E14C9A-3C2F-4A51-971F-6143952D0F1C}.Release|x64.ActiveCfg = Release|Any CPU
		{50E14C9A-3C2F-4A51-971F-6143952D0F1C}.Release|x64.Build.0 = Release|Any CPU
		{50E14C9A-3C2F-4A51-971F-6143952D0F1C}.Release|x86.ActiveCfg = Release|Any CPU
		{50E14C9A-3C2F-4A51-971F-6143952D0F1C}.Release|x86.Build.0 = Release|Any CPU
		{3BA7D9BE-EBBF-432E-9880-0E2D2C17FCF8}.Debug|Any CPU.ActiveCfg = Debug|Any CPU
		{3BA7D9BE-EBBF-432E-9880-0E2D2C17FCF8}.Debug|Any CPU.Build.0 = Debug|Any CPU
		{3BA7D9BE-EBBF-432E-9880-0E2D2C17FCF8}.Debug|x64.ActiveCfg = Debug|Any CPU
		{3BA7D9BE-EBBF-432E-9880-0E2D2C17FCF8}.Debug|x64.Build.0 = Debug|Any CPU
		{3BA7D9BE-EBBF-432E-9880-0E2D2C17FCF8}.Debug|x86.ActiveCfg = Debug|Any CPU
		{3BA7D9BE-EBBF-432E-9880-0E2D2C17FCF8}.Debug|x86.Build.0 = Debug|Any CPU
		{3BA7D9BE-EBBF-432E-9880-0E2D2C17FCF8}.ReleaseMono|Any CPU.ActiveCfg = Release|Any CPU
		{3BA7D9BE-EBBF-432E-9880-0E2D2C17FCF8}.ReleaseMono|Any CPU.Build.0 = Release|Any CPU
		{3BA7D9BE-EBBF-432E-9880-0E2D2C17FCF8}.ReleaseMono|x64.ActiveCfg = Release|Any CPU
		{3BA7D9BE-EBBF-432E-9880-0E2D2C17FCF8}.ReleaseMono|x64.Build.0 = Release|Any CPU
		{3BA7D9BE-EBBF-432E-9880-0E2D2C17FCF8}.ReleaseMono|x86.ActiveCfg = Release|Any CPU
		{3BA7D9BE-EBBF-432E-9880-0E2D2C17FCF8}.ReleaseMono|x86.Build.0 = Release|Any CPU
		{3BA7D9BE-EBBF-432E-9880-0E2D2C17FCF8}.Release|Any CPU.ActiveCfg = Release|Any CPU
		{3BA7D9BE-EBBF-432E-9880-0E2D2C17FCF8}.Release|Any CPU.Build.0 = Release|Any CPU
		{3BA7D9BE-EBBF-432E-9880-0E2D2C17FCF8}.Release|x64.ActiveCfg = Release|Any CPU
		{3BA7D9BE-EBBF-432E-9880-0E2D2C17FCF8}.Release|x64.Build.0 = Release|Any CPU
		{3BA7D9BE-EBBF-432E-9880-0E2D2C17FCF8}.Release|x86.ActiveCfg = Release|Any CPU
		{3BA7D9BE-EBBF-432E-9880-0E2D2C17FCF8}.Release|x86.Build.0 = Release|Any CPU
		{A5DE942D-912D-4012-8493-1E958E5445F4}.Debug|Any CPU.ActiveCfg = Debug|Any CPU
		{A5DE942D-912D-4012-8493-1E958E5445F4}.Debug|Any CPU.Build.0 = Debug|Any CPU
		{A5DE942D-912D-4012-8493-1E958E5445F4}.Debug|x64.ActiveCfg = Debug|Any CPU
		{A5DE942D-912D-4012-8493-1E958E5445F4}.Debug|x64.Build.0 = Debug|Any CPU
		{A5DE942D-912D-4012-8493-1E958E5445F4}.Debug|x86.ActiveCfg = Debug|Any CPU
		{A5DE942D-912D-4012-8493-1E958E5445F4}.Debug|x86.Build.0 = Debug|Any CPU
		{A5DE942D-912D-4012-8493-1E958E5445F4}.ReleaseMono|Any CPU.ActiveCfg = Release|Any CPU
		{A5DE942D-912D-4012-8493-1E958E5445F4}.ReleaseMono|Any CPU.Build.0 = Release|Any CPU
		{A5DE942D-912D-4012-8493-1E958E5445F4}.ReleaseMono|x64.ActiveCfg = Release|Any CPU
		{A5DE942D-912D-4012-8493-1E958E5445F4}.ReleaseMono|x64.Build.0 = Release|Any CPU
		{A5DE942D-912D-4012-8493-1E958E5445F4}.ReleaseMono|x86.ActiveCfg = Release|Any CPU
		{A5DE942D-912D-4012-8493-1E958E5445F4}.ReleaseMono|x86.Build.0 = Release|Any CPU
		{A5DE942D-912D-4012-8493-1E958E5445F4}.Release|Any CPU.ActiveCfg = Release|Any CPU
		{A5DE942D-912D-4012-8493-1E958E5445F4}.Release|Any CPU.Build.0 = Release|Any CPU
		{A5DE942D-912D-4012-8493-1E958E5445F4}.Release|x64.ActiveCfg = Release|Any CPU
		{A5DE942D-912D-4012-8493-1E958E5445F4}.Release|x64.Build.0 = Release|Any CPU
		{A5DE942D-912D-4012-8493-1E958E5445F4}.Release|x86.ActiveCfg = Release|Any CPU
		{A5DE942D-912D-4012-8493-1E958E5445F4}.Release|x86.Build.0 = Release|Any CPU
		{2E17A091-DC29-41FB-ABC8-767BD75FFB07}.Debug|Any CPU.ActiveCfg = Debug|Any CPU
		{2E17A091-DC29-41FB-ABC8-767BD75FFB07}.Debug|Any CPU.Build.0 = Debug|Any CPU
		{2E17A091-DC29-41FB-ABC8-767BD75FFB07}.Debug|x64.ActiveCfg = Debug|Any CPU
		{2E17A091-DC29-41FB-ABC8-767BD75FFB07}.Debug|x64.Build.0 = Debug|Any CPU
		{2E17A091-DC29-41FB-ABC8-767BD75FFB07}.Debug|x86.ActiveCfg = Debug|Any CPU
		{2E17A091-DC29-41FB-ABC8-767BD75FFB07}.Debug|x86.Build.0 = Debug|Any CPU
		{2E17A091-DC29-41FB-ABC8-767BD75FFB07}.ReleaseMono|Any CPU.ActiveCfg = Release|Any CPU
		{2E17A091-DC29-41FB-ABC8-767BD75FFB07}.ReleaseMono|Any CPU.Build.0 = Release|Any CPU
		{2E17A091-DC29-41FB-ABC8-767BD75FFB07}.ReleaseMono|x64.ActiveCfg = Release|Any CPU
		{2E17A091-DC29-41FB-ABC8-767BD75FFB07}.ReleaseMono|x64.Build.0 = Release|Any CPU
		{2E17A091-DC29-41FB-ABC8-767BD75FFB07}.ReleaseMono|x86.ActiveCfg = Release|Any CPU
		{2E17A091-DC29-41FB-ABC8-767BD75FFB07}.ReleaseMono|x86.Build.0 = Release|Any CPU
		{2E17A091-DC29-41FB-ABC8-767BD75FFB07}.Release|Any CPU.ActiveCfg = Release|Any CPU
		{2E17A091-DC29-41FB-ABC8-767BD75FFB07}.Release|Any CPU.Build.0 = Release|Any CPU
		{2E17A091-DC29-41FB-ABC8-767BD75FFB07}.Release|x64.ActiveCfg = Release|Any CPU
		{2E17A091-DC29-41FB-ABC8-767BD75FFB07}.Release|x64.Build.0 = Release|Any CPU
		{2E17A091-DC29-41FB-ABC8-767BD75FFB07}.Release|x86.ActiveCfg = Release|Any CPU
		{2E17A091-DC29-41FB-ABC8-767BD75FFB07}.Release|x86.Build.0 = Release|Any CPU
		{6D7A63C9-16AB-4B7E-B9C0-0956E1E02610}.Debug|Any CPU.ActiveCfg = Debug|Any CPU
		{6D7A63C9-16AB-4B7E-B9C0-0956E1E02610}.Debug|Any CPU.Build.0 = Debug|Any CPU
		{6D7A63C9-16AB-4B7E-B9C0-0956E1E02610}.Debug|x64.ActiveCfg = Debug|Any CPU
		{6D7A63C9-16AB-4B7E-B9C0-0956E1E02610}.Debug|x64.Build.0 = Debug|Any CPU
		{6D7A63C9-16AB-4B7E-B9C0-0956E1E02610}.Debug|x86.ActiveCfg = Debug|Any CPU
		{6D7A63C9-16AB-4B7E-B9C0-0956E1E02610}.Debug|x86.Build.0 = Debug|Any CPU
		{6D7A63C9-16AB-4B7E-B9C0-0956E1E02610}.ReleaseMono|Any CPU.ActiveCfg = Release|Any CPU
		{6D7A63C9-16AB-4B7E-B9C0-0956E1E02610}.ReleaseMono|Any CPU.Build.0 = Release|Any CPU
		{6D7A63C9-16AB-4B7E-B9C0-0956E1E02610}.ReleaseMono|x64.ActiveCfg = Release|Any CPU
		{6D7A63C9-16AB-4B7E-B9C0-0956E1E02610}.ReleaseMono|x64.Build.0 = Release|Any CPU
		{6D7A63C9-16AB-4B7E-B9C0-0956E1E02610}.ReleaseMono|x86.ActiveCfg = Release|Any CPU
		{6D7A63C9-16AB-4B7E-B9C0-0956E1E02610}.ReleaseMono|x86.Build.0 = Release|Any CPU
		{6D7A63C9-16AB-4B7E-B9C0-0956E1E02610}.Release|Any CPU.ActiveCfg = Release|Any CPU
		{6D7A63C9-16AB-4B7E-B9C0-0956E1E02610}.Release|Any CPU.Build.0 = Release|Any CPU
		{6D7A63C9-16AB-4B7E-B9C0-0956E1E02610}.Release|x64.ActiveCfg = Release|Any CPU
		{6D7A63C9-16AB-4B7E-B9C0-0956E1E02610}.Release|x64.Build.0 = Release|Any CPU
		{6D7A63C9-16AB-4B7E-B9C0-0956E1E02610}.Release|x86.ActiveCfg = Release|Any CPU
		{6D7A63C9-16AB-4B7E-B9C0-0956E1E02610}.Release|x86.Build.0 = Release|Any CPU
		{2BC01C4C-288B-4768-BAD0-9BC441D82505}.Debug|Any CPU.ActiveCfg = Debug|Any CPU
		{2BC01C4C-288B-4768-BAD0-9BC441D82505}.Debug|Any CPU.Build.0 = Debug|Any CPU
		{2BC01C4C-288B-4768-BAD0-9BC441D82505}.Debug|x64.ActiveCfg = Debug|Any CPU
		{2BC01C4C-288B-4768-BAD0-9BC441D82505}.Debug|x64.Build.0 = Debug|Any CPU
		{2BC01C4C-288B-4768-BAD0-9BC441D82505}.Debug|x86.ActiveCfg = Debug|Any CPU
		{2BC01C4C-288B-4768-BAD0-9BC441D82505}.Debug|x86.Build.0 = Debug|Any CPU
		{2BC01C4C-288B-4768-BAD0-9BC441D82505}.ReleaseMono|Any CPU.ActiveCfg = Release|Any CPU
		{2BC01C4C-288B-4768-BAD0-9BC441D82505}.ReleaseMono|Any CPU.Build.0 = Release|Any CPU
		{2BC01C4C-288B-4768-BAD0-9BC441D82505}.ReleaseMono|x64.ActiveCfg = Release|Any CPU
		{2BC01C4C-288B-4768-BAD0-9BC441D82505}.ReleaseMono|x64.Build.0 = Release|Any CPU
		{2BC01C4C-288B-4768-BAD0-9BC441D82505}.ReleaseMono|x86.ActiveCfg = Release|Any CPU
		{2BC01C4C-288B-4768-BAD0-9BC441D82505}.ReleaseMono|x86.Build.0 = Release|Any CPU
		{2BC01C4C-288B-4768-BAD0-9BC441D82505}.Release|Any CPU.ActiveCfg = Release|Any CPU
		{2BC01C4C-288B-4768-BAD0-9BC441D82505}.Release|Any CPU.Build.0 = Release|Any CPU
		{2BC01C4C-288B-4768-BAD0-9BC441D82505}.Release|x64.ActiveCfg = Release|Any CPU
		{2BC01C4C-288B-4768-BAD0-9BC441D82505}.Release|x64.Build.0 = Release|Any CPU
		{2BC01C4C-288B-4768-BAD0-9BC441D82505}.Release|x86.ActiveCfg = Release|Any CPU
		{2BC01C4C-288B-4768-BAD0-9BC441D82505}.Release|x86.Build.0 = Release|Any CPU
		{DDD598B2-005F-4CB2-B26B-A40CC0F9DE8E}.Debug|Any CPU.ActiveCfg = Debug|Any CPU
		{DDD598B2-005F-4CB2-B26B-A40CC0F9DE8E}.Debug|Any CPU.Build.0 = Debug|Any CPU
		{DDD598B2-005F-4CB2-B26B-A40CC0F9DE8E}.Debug|x64.ActiveCfg = Debug|Any CPU
		{DDD598B2-005F-4CB2-B26B-A40CC0F9DE8E}.Debug|x64.Build.0 = Debug|Any CPU
		{DDD598B2-005F-4CB2-B26B-A40CC0F9DE8E}.Debug|x86.ActiveCfg = Debug|Any CPU
		{DDD598B2-005F-4CB2-B26B-A40CC0F9DE8E}.Debug|x86.Build.0 = Debug|Any CPU
		{DDD598B2-005F-4CB2-B26B-A40CC0F9DE8E}.ReleaseMono|Any CPU.ActiveCfg = Debug|Any CPU
		{DDD598B2-005F-4CB2-B26B-A40CC0F9DE8E}.ReleaseMono|Any CPU.Build.0 = Debug|Any CPU
		{DDD598B2-005F-4CB2-B26B-A40CC0F9DE8E}.ReleaseMono|x64.ActiveCfg = Debug|Any CPU
		{DDD598B2-005F-4CB2-B26B-A40CC0F9DE8E}.ReleaseMono|x64.Build.0 = Debug|Any CPU
		{DDD598B2-005F-4CB2-B26B-A40CC0F9DE8E}.ReleaseMono|x86.ActiveCfg = Debug|Any CPU
		{DDD598B2-005F-4CB2-B26B-A40CC0F9DE8E}.ReleaseMono|x86.Build.0 = Debug|Any CPU
		{DDD598B2-005F-4CB2-B26B-A40CC0F9DE8E}.Release|Any CPU.ActiveCfg = Release|Any CPU
		{DDD598B2-005F-4CB2-B26B-A40CC0F9DE8E}.Release|Any CPU.Build.0 = Release|Any CPU
		{DDD598B2-005F-4CB2-B26B-A40CC0F9DE8E}.Release|x64.ActiveCfg = Release|Any CPU
		{DDD598B2-005F-4CB2-B26B-A40CC0F9DE8E}.Release|x64.Build.0 = Release|Any CPU
		{DDD598B2-005F-4CB2-B26B-A40CC0F9DE8E}.Release|x86.ActiveCfg = Release|Any CPU
		{DDD598B2-005F-4CB2-B26B-A40CC0F9DE8E}.Release|x86.Build.0 = Release|Any CPU
		{5B2BF317-7315-431F-A854-488CD541F42E}.Debug|Any CPU.ActiveCfg = Debug|Any CPU
		{5B2BF317-7315-431F-A854-488CD541F42E}.Debug|Any CPU.Build.0 = Debug|Any CPU
		{5B2BF317-7315-431F-A854-488CD541F42E}.Debug|x64.ActiveCfg = Debug|Any CPU
		{5B2BF317-7315-431F-A854-488CD541F42E}.Debug|x64.Build.0 = Debug|Any CPU
		{5B2BF317-7315-431F-A854-488CD541F42E}.Debug|x86.ActiveCfg = Debug|Any CPU
		{5B2BF317-7315-431F-A854-488CD541F42E}.Debug|x86.Build.0 = Debug|Any CPU
		{5B2BF317-7315-431F-A854-488CD541F42E}.ReleaseMono|Any CPU.ActiveCfg = Debug|Any CPU
		{5B2BF317-7315-431F-A854-488CD541F42E}.ReleaseMono|Any CPU.Build.0 = Debug|Any CPU
		{5B2BF317-7315-431F-A854-488CD541F42E}.ReleaseMono|x64.ActiveCfg = Debug|Any CPU
		{5B2BF317-7315-431F-A854-488CD541F42E}.ReleaseMono|x64.Build.0 = Debug|Any CPU
		{5B2BF317-7315-431F-A854-488CD541F42E}.ReleaseMono|x86.ActiveCfg = Debug|Any CPU
		{5B2BF317-7315-431F-A854-488CD541F42E}.ReleaseMono|x86.Build.0 = Debug|Any CPU
		{5B2BF317-7315-431F-A854-488CD541F42E}.Release|Any CPU.ActiveCfg = Release|Any CPU
		{5B2BF317-7315-431F-A854-488CD541F42E}.Release|Any CPU.Build.0 = Release|Any CPU
		{5B2BF317-7315-431F-A854-488CD541F42E}.Release|x64.ActiveCfg = Release|Any CPU
		{5B2BF317-7315-431F-A854-488CD541F42E}.Release|x64.Build.0 = Release|Any CPU
		{5B2BF317-7315-431F-A854-488CD541F42E}.Release|x86.ActiveCfg = Release|Any CPU
		{5B2BF317-7315-431F-A854-488CD541F42E}.Release|x86.Build.0 = Release|Any CPU
		{C7EFF544-391C-488F-A747-2663AFEED250}.Debug|Any CPU.ActiveCfg = Debug|Any CPU
		{C7EFF544-391C-488F-A747-2663AFEED250}.Debug|Any CPU.Build.0 = Debug|Any CPU
		{C7EFF544-391C-488F-A747-2663AFEED250}.Debug|x64.ActiveCfg = Debug|Any CPU
		{C7EFF544-391C-488F-A747-2663AFEED250}.Debug|x64.Build.0 = Debug|Any CPU
		{C7EFF544-391C-488F-A747-2663AFEED250}.Debug|x86.ActiveCfg = Debug|Any CPU
		{C7EFF544-391C-488F-A747-2663AFEED250}.Debug|x86.Build.0 = Debug|Any CPU
		{C7EFF544-391C-488F-A747-2663AFEED250}.ReleaseMono|Any CPU.ActiveCfg = Release|Any CPU
		{C7EFF544-391C-488F-A747-2663AFEED250}.ReleaseMono|Any CPU.Build.0 = Release|Any CPU
		{C7EFF544-391C-488F-A747-2663AFEED250}.ReleaseMono|x64.ActiveCfg = Release|Any CPU
		{C7EFF544-391C-488F-A747-2663AFEED250}.ReleaseMono|x64.Build.0 = Release|Any CPU
		{C7EFF544-391C-488F-A747-2663AFEED250}.ReleaseMono|x86.ActiveCfg = Release|Any CPU
		{C7EFF544-391C-488F-A747-2663AFEED250}.ReleaseMono|x86.Build.0 = Release|Any CPU
		{C7EFF544-391C-488F-A747-2663AFEED250}.Release|Any CPU.ActiveCfg = Release|Any CPU
		{C7EFF544-391C-488F-A747-2663AFEED250}.Release|Any CPU.Build.0 = Release|Any CPU
		{C7EFF544-391C-488F-A747-2663AFEED250}.Release|x64.ActiveCfg = Release|Any CPU
		{C7EFF544-391C-488F-A747-2663AFEED250}.Release|x64.Build.0 = Release|Any CPU
		{C7EFF544-391C-488F-A747-2663AFEED250}.Release|x86.ActiveCfg = Release|Any CPU
		{C7EFF544-391C-488F-A747-2663AFEED250}.Release|x86.Build.0 = Release|Any CPU
		{0527BEA9-CC2D-4C31-BCFA-350619DBC7F1}.Debug|Any CPU.ActiveCfg = Debug|Any CPU
		{0527BEA9-CC2D-4C31-BCFA-350619DBC7F1}.Debug|Any CPU.Build.0 = Debug|Any CPU
		{0527BEA9-CC2D-4C31-BCFA-350619DBC7F1}.Debug|x64.ActiveCfg = Debug|Any CPU
		{0527BEA9-CC2D-4C31-BCFA-350619DBC7F1}.Debug|x64.Build.0 = Debug|Any CPU
		{0527BEA9-CC2D-4C31-BCFA-350619DBC7F1}.Debug|x86.ActiveCfg = Debug|Any CPU
		{0527BEA9-CC2D-4C31-BCFA-350619DBC7F1}.Debug|x86.Build.0 = Debug|Any CPU
		{0527BEA9-CC2D-4C31-BCFA-350619DBC7F1}.ReleaseMono|Any CPU.ActiveCfg = Debug|Any CPU
		{0527BEA9-CC2D-4C31-BCFA-350619DBC7F1}.ReleaseMono|Any CPU.Build.0 = Debug|Any CPU
		{0527BEA9-CC2D-4C31-BCFA-350619DBC7F1}.ReleaseMono|x64.ActiveCfg = Debug|Any CPU
		{0527BEA9-CC2D-4C31-BCFA-350619DBC7F1}.ReleaseMono|x64.Build.0 = Debug|Any CPU
		{0527BEA9-CC2D-4C31-BCFA-350619DBC7F1}.ReleaseMono|x86.ActiveCfg = Debug|Any CPU
		{0527BEA9-CC2D-4C31-BCFA-350619DBC7F1}.ReleaseMono|x86.Build.0 = Debug|Any CPU
		{0527BEA9-CC2D-4C31-BCFA-350619DBC7F1}.Release|Any CPU.ActiveCfg = Release|Any CPU
		{0527BEA9-CC2D-4C31-BCFA-350619DBC7F1}.Release|Any CPU.Build.0 = Release|Any CPU
		{0527BEA9-CC2D-4C31-BCFA-350619DBC7F1}.Release|x64.ActiveCfg = Release|Any CPU
		{0527BEA9-CC2D-4C31-BCFA-350619DBC7F1}.Release|x64.Build.0 = Release|Any CPU
		{0527BEA9-CC2D-4C31-BCFA-350619DBC7F1}.Release|x86.ActiveCfg = Release|Any CPU
		{0527BEA9-CC2D-4C31-BCFA-350619DBC7F1}.Release|x86.Build.0 = Release|Any CPU
		{816ED594-DAE5-4311-AFC9-5B64D0070872}.Debug|Any CPU.ActiveCfg = Debug|Any CPU
		{816ED594-DAE5-4311-AFC9-5B64D0070872}.Debug|Any CPU.Build.0 = Debug|Any CPU
		{816ED594-DAE5-4311-AFC9-5B64D0070872}.Debug|x64.ActiveCfg = Debug|Any CPU
		{816ED594-DAE5-4311-AFC9-5B64D0070872}.Debug|x64.Build.0 = Debug|Any CPU
		{816ED594-DAE5-4311-AFC9-5B64D0070872}.Debug|x86.ActiveCfg = Debug|Any CPU
		{816ED594-DAE5-4311-AFC9-5B64D0070872}.Debug|x86.Build.0 = Debug|Any CPU
		{816ED594-DAE5-4311-AFC9-5B64D0070872}.ReleaseMono|Any CPU.ActiveCfg = Debug|Any CPU
		{816ED594-DAE5-4311-AFC9-5B64D0070872}.ReleaseMono|Any CPU.Build.0 = Debug|Any CPU
		{816ED594-DAE5-4311-AFC9-5B64D0070872}.ReleaseMono|x64.ActiveCfg = Debug|Any CPU
		{816ED594-DAE5-4311-AFC9-5B64D0070872}.ReleaseMono|x64.Build.0 = Debug|Any CPU
		{816ED594-DAE5-4311-AFC9-5B64D0070872}.ReleaseMono|x86.ActiveCfg = Debug|Any CPU
		{816ED594-DAE5-4311-AFC9-5B64D0070872}.ReleaseMono|x86.Build.0 = Debug|Any CPU
		{816ED594-DAE5-4311-AFC9-5B64D0070872}.Release|Any CPU.ActiveCfg = Release|Any CPU
		{816ED594-DAE5-4311-AFC9-5B64D0070872}.Release|Any CPU.Build.0 = Release|Any CPU
		{816ED594-DAE5-4311-AFC9-5B64D0070872}.Release|x64.ActiveCfg = Release|Any CPU
		{816ED594-DAE5-4311-AFC9-5B64D0070872}.Release|x64.Build.0 = Release|Any CPU
		{816ED594-DAE5-4311-AFC9-5B64D0070872}.Release|x86.ActiveCfg = Release|Any CPU
		{816ED594-DAE5-4311-AFC9-5B64D0070872}.Release|x86.Build.0 = Release|Any CPU
		{BC3E6597-E515-4C6B-BD99-767C2C66252C}.Debug|Any CPU.ActiveCfg = Debug|Any CPU
		{BC3E6597-E515-4C6B-BD99-767C2C66252C}.Debug|Any CPU.Build.0 = Debug|Any CPU
		{BC3E6597-E515-4C6B-BD99-767C2C66252C}.Debug|x64.ActiveCfg = Debug|Any CPU
		{BC3E6597-E515-4C6B-BD99-767C2C66252C}.Debug|x64.Build.0 = Debug|Any CPU
		{BC3E6597-E515-4C6B-BD99-767C2C66252C}.Debug|x86.ActiveCfg = Debug|Any CPU
		{BC3E6597-E515-4C6B-BD99-767C2C66252C}.Debug|x86.Build.0 = Debug|Any CPU
		{BC3E6597-E515-4C6B-BD99-767C2C66252C}.ReleaseMono|Any CPU.ActiveCfg = Debug|Any CPU
		{BC3E6597-E515-4C6B-BD99-767C2C66252C}.ReleaseMono|Any CPU.Build.0 = Debug|Any CPU
		{BC3E6597-E515-4C6B-BD99-767C2C66252C}.ReleaseMono|x64.ActiveCfg = Debug|Any CPU
		{BC3E6597-E515-4C6B-BD99-767C2C66252C}.ReleaseMono|x64.Build.0 = Debug|Any CPU
		{BC3E6597-E515-4C6B-BD99-767C2C66252C}.ReleaseMono|x86.ActiveCfg = Debug|Any CPU
		{BC3E6597-E515-4C6B-BD99-767C2C66252C}.ReleaseMono|x86.Build.0 = Debug|Any CPU
		{BC3E6597-E515-4C6B-BD99-767C2C66252C}.Release|Any CPU.ActiveCfg = Release|Any CPU
		{BC3E6597-E515-4C6B-BD99-767C2C66252C}.Release|Any CPU.Build.0 = Release|Any CPU
		{BC3E6597-E515-4C6B-BD99-767C2C66252C}.Release|x64.ActiveCfg = Release|Any CPU
		{BC3E6597-E515-4C6B-BD99-767C2C66252C}.Release|x64.Build.0 = Release|Any CPU
		{BC3E6597-E515-4C6B-BD99-767C2C66252C}.Release|x86.ActiveCfg = Release|Any CPU
		{BC3E6597-E515-4C6B-BD99-767C2C66252C}.Release|x86.Build.0 = Release|Any CPU
		{CC4C156E-8357-4957-B083-97D2191D3132}.Debug|Any CPU.ActiveCfg = Debug|Any CPU
		{CC4C156E-8357-4957-B083-97D2191D3132}.Debug|Any CPU.Build.0 = Debug|Any CPU
		{CC4C156E-8357-4957-B083-97D2191D3132}.Debug|x64.ActiveCfg = Debug|Any CPU
		{CC4C156E-8357-4957-B083-97D2191D3132}.Debug|x64.Build.0 = Debug|Any CPU
		{CC4C156E-8357-4957-B083-97D2191D3132}.Debug|x86.ActiveCfg = Debug|Any CPU
		{CC4C156E-8357-4957-B083-97D2191D3132}.Debug|x86.Build.0 = Debug|Any CPU
		{CC4C156E-8357-4957-B083-97D2191D3132}.ReleaseMono|Any CPU.ActiveCfg = Debug|Any CPU
		{CC4C156E-8357-4957-B083-97D2191D3132}.ReleaseMono|Any CPU.Build.0 = Debug|Any CPU
		{CC4C156E-8357-4957-B083-97D2191D3132}.ReleaseMono|x64.ActiveCfg = Debug|Any CPU
		{CC4C156E-8357-4957-B083-97D2191D3132}.ReleaseMono|x64.Build.0 = Debug|Any CPU
		{CC4C156E-8357-4957-B083-97D2191D3132}.ReleaseMono|x86.ActiveCfg = Debug|Any CPU
		{CC4C156E-8357-4957-B083-97D2191D3132}.ReleaseMono|x86.Build.0 = Debug|Any CPU
		{CC4C156E-8357-4957-B083-97D2191D3132}.Release|Any CPU.ActiveCfg = Release|Any CPU
		{CC4C156E-8357-4957-B083-97D2191D3132}.Release|Any CPU.Build.0 = Release|Any CPU
		{CC4C156E-8357-4957-B083-97D2191D3132}.Release|x64.ActiveCfg = Release|Any CPU
		{CC4C156E-8357-4957-B083-97D2191D3132}.Release|x64.Build.0 = Release|Any CPU
		{CC4C156E-8357-4957-B083-97D2191D3132}.Release|x86.ActiveCfg = Release|Any CPU
		{CC4C156E-8357-4957-B083-97D2191D3132}.Release|x86.Build.0 = Release|Any CPU
		{D662B19C-8953-40EF-B6DD-DD8B1EF0C5B0}.Debug|Any CPU.ActiveCfg = Debug|Any CPU
		{D662B19C-8953-40EF-B6DD-DD8B1EF0C5B0}.Debug|Any CPU.Build.0 = Debug|Any CPU
		{D662B19C-8953-40EF-B6DD-DD8B1EF0C5B0}.Debug|x64.ActiveCfg = Debug|Any CPU
		{D662B19C-8953-40EF-B6DD-DD8B1EF0C5B0}.Debug|x64.Build.0 = Debug|Any CPU
		{D662B19C-8953-40EF-B6DD-DD8B1EF0C5B0}.Debug|x86.ActiveCfg = Debug|Any CPU
		{D662B19C-8953-40EF-B6DD-DD8B1EF0C5B0}.Debug|x86.Build.0 = Debug|Any CPU
		{D662B19C-8953-40EF-B6DD-DD8B1EF0C5B0}.ReleaseMono|Any CPU.ActiveCfg = Debug|Any CPU
		{D662B19C-8953-40EF-B6DD-DD8B1EF0C5B0}.ReleaseMono|Any CPU.Build.0 = Debug|Any CPU
		{D662B19C-8953-40EF-B6DD-DD8B1EF0C5B0}.ReleaseMono|x64.ActiveCfg = Debug|Any CPU
		{D662B19C-8953-40EF-B6DD-DD8B1EF0C5B0}.ReleaseMono|x64.Build.0 = Debug|Any CPU
		{D662B19C-8953-40EF-B6DD-DD8B1EF0C5B0}.ReleaseMono|x86.ActiveCfg = Debug|Any CPU
		{D662B19C-8953-40EF-B6DD-DD8B1EF0C5B0}.ReleaseMono|x86.Build.0 = Debug|Any CPU
		{D662B19C-8953-40EF-B6DD-DD8B1EF0C5B0}.Release|Any CPU.ActiveCfg = Release|Any CPU
		{D662B19C-8953-40EF-B6DD-DD8B1EF0C5B0}.Release|Any CPU.Build.0 = Release|Any CPU
		{D662B19C-8953-40EF-B6DD-DD8B1EF0C5B0}.Release|x64.ActiveCfg = Release|Any CPU
		{D662B19C-8953-40EF-B6DD-DD8B1EF0C5B0}.Release|x64.Build.0 = Release|Any CPU
		{D662B19C-8953-40EF-B6DD-DD8B1EF0C5B0}.Release|x86.ActiveCfg = Release|Any CPU
		{D662B19C-8953-40EF-B6DD-DD8B1EF0C5B0}.Release|x86.Build.0 = Release|Any CPU
		{EBDBAC94-35C3-48A3-9A26-8B963FECDC2B}.Debug|Any CPU.ActiveCfg = Debug|Any CPU
		{EBDBAC94-35C3-48A3-9A26-8B963FECDC2B}.Debug|Any CPU.Build.0 = Debug|Any CPU
		{EBDBAC94-35C3-48A3-9A26-8B963FECDC2B}.Debug|x64.ActiveCfg = Debug|Any CPU
		{EBDBAC94-35C3-48A3-9A26-8B963FECDC2B}.Debug|x64.Build.0 = Debug|Any CPU
		{EBDBAC94-35C3-48A3-9A26-8B963FECDC2B}.Debug|x86.ActiveCfg = Debug|Any CPU
		{EBDBAC94-35C3-48A3-9A26-8B963FECDC2B}.Debug|x86.Build.0 = Debug|Any CPU
		{EBDBAC94-35C3-48A3-9A26-8B963FECDC2B}.ReleaseMono|Any CPU.ActiveCfg = Debug|Any CPU
		{EBDBAC94-35C3-48A3-9A26-8B963FECDC2B}.ReleaseMono|Any CPU.Build.0 = Debug|Any CPU
		{EBDBAC94-35C3-48A3-9A26-8B963FECDC2B}.ReleaseMono|x64.ActiveCfg = Debug|Any CPU
		{EBDBAC94-35C3-48A3-9A26-8B963FECDC2B}.ReleaseMono|x64.Build.0 = Debug|Any CPU
		{EBDBAC94-35C3-48A3-9A26-8B963FECDC2B}.ReleaseMono|x86.ActiveCfg = Debug|Any CPU
		{EBDBAC94-35C3-48A3-9A26-8B963FECDC2B}.ReleaseMono|x86.Build.0 = Debug|Any CPU
		{EBDBAC94-35C3-48A3-9A26-8B963FECDC2B}.Release|Any CPU.ActiveCfg = Release|Any CPU
		{EBDBAC94-35C3-48A3-9A26-8B963FECDC2B}.Release|Any CPU.Build.0 = Release|Any CPU
		{EBDBAC94-35C3-48A3-9A26-8B963FECDC2B}.Release|x64.ActiveCfg = Release|Any CPU
		{EBDBAC94-35C3-48A3-9A26-8B963FECDC2B}.Release|x64.Build.0 = Release|Any CPU
		{EBDBAC94-35C3-48A3-9A26-8B963FECDC2B}.Release|x86.ActiveCfg = Release|Any CPU
		{EBDBAC94-35C3-48A3-9A26-8B963FECDC2B}.Release|x86.Build.0 = Release|Any CPU
		{89877A45-349B-4C88-8EB2-30A92BFC84AA}.Debug|Any CPU.ActiveCfg = Debug|Any CPU
		{89877A45-349B-4C88-8EB2-30A92BFC84AA}.Debug|Any CPU.Build.0 = Debug|Any CPU
		{89877A45-349B-4C88-8EB2-30A92BFC84AA}.Debug|x64.ActiveCfg = Debug|Any CPU
		{89877A45-349B-4C88-8EB2-30A92BFC84AA}.Debug|x64.Build.0 = Debug|Any CPU
		{89877A45-349B-4C88-8EB2-30A92BFC84AA}.Debug|x86.ActiveCfg = Debug|Any CPU
		{89877A45-349B-4C88-8EB2-30A92BFC84AA}.Debug|x86.Build.0 = Debug|Any CPU
		{89877A45-349B-4C88-8EB2-30A92BFC84AA}.ReleaseMono|Any CPU.ActiveCfg = Debug|Any CPU
		{89877A45-349B-4C88-8EB2-30A92BFC84AA}.ReleaseMono|Any CPU.Build.0 = Debug|Any CPU
		{89877A45-349B-4C88-8EB2-30A92BFC84AA}.ReleaseMono|x64.ActiveCfg = Debug|Any CPU
		{89877A45-349B-4C88-8EB2-30A92BFC84AA}.ReleaseMono|x64.Build.0 = Debug|Any CPU
		{89877A45-349B-4C88-8EB2-30A92BFC84AA}.ReleaseMono|x86.ActiveCfg = Debug|Any CPU
		{89877A45-349B-4C88-8EB2-30A92BFC84AA}.ReleaseMono|x86.Build.0 = Debug|Any CPU
		{89877A45-349B-4C88-8EB2-30A92BFC84AA}.Release|Any CPU.ActiveCfg = Release|Any CPU
		{89877A45-349B-4C88-8EB2-30A92BFC84AA}.Release|Any CPU.Build.0 = Release|Any CPU
		{89877A45-349B-4C88-8EB2-30A92BFC84AA}.Release|x64.ActiveCfg = Release|Any CPU
		{89877A45-349B-4C88-8EB2-30A92BFC84AA}.Release|x64.Build.0 = Release|Any CPU
		{89877A45-349B-4C88-8EB2-30A92BFC84AA}.Release|x86.ActiveCfg = Release|Any CPU
		{89877A45-349B-4C88-8EB2-30A92BFC84AA}.Release|x86.Build.0 = Release|Any CPU
		{0663E799-0F0D-4894-B47A-2EB3764D737B}.Debug|Any CPU.ActiveCfg = Debug|Any CPU
		{0663E799-0F0D-4894-B47A-2EB3764D737B}.Debug|Any CPU.Build.0 = Debug|Any CPU
		{0663E799-0F0D-4894-B47A-2EB3764D737B}.Debug|x64.ActiveCfg = Debug|Any CPU
		{0663E799-0F0D-4894-B47A-2EB3764D737B}.Debug|x64.Build.0 = Debug|Any CPU
		{0663E799-0F0D-4894-B47A-2EB3764D737B}.Debug|x86.ActiveCfg = Debug|Any CPU
		{0663E799-0F0D-4894-B47A-2EB3764D737B}.Debug|x86.Build.0 = Debug|Any CPU
		{0663E799-0F0D-4894-B47A-2EB3764D737B}.ReleaseMono|Any CPU.ActiveCfg = Debug|Any CPU
		{0663E799-0F0D-4894-B47A-2EB3764D737B}.ReleaseMono|Any CPU.Build.0 = Debug|Any CPU
		{0663E799-0F0D-4894-B47A-2EB3764D737B}.ReleaseMono|x64.ActiveCfg = Debug|Any CPU
		{0663E799-0F0D-4894-B47A-2EB3764D737B}.ReleaseMono|x64.Build.0 = Debug|Any CPU
		{0663E799-0F0D-4894-B47A-2EB3764D737B}.ReleaseMono|x86.ActiveCfg = Debug|Any CPU
		{0663E799-0F0D-4894-B47A-2EB3764D737B}.ReleaseMono|x86.Build.0 = Debug|Any CPU
		{0663E799-0F0D-4894-B47A-2EB3764D737B}.Release|Any CPU.ActiveCfg = Release|Any CPU
		{0663E799-0F0D-4894-B47A-2EB3764D737B}.Release|Any CPU.Build.0 = Release|Any CPU
		{0663E799-0F0D-4894-B47A-2EB3764D737B}.Release|x64.ActiveCfg = Release|Any CPU
		{0663E799-0F0D-4894-B47A-2EB3764D737B}.Release|x64.Build.0 = Release|Any CPU
		{0663E799-0F0D-4894-B47A-2EB3764D737B}.Release|x86.ActiveCfg = Release|Any CPU
		{0663E799-0F0D-4894-B47A-2EB3764D737B}.Release|x86.Build.0 = Release|Any CPU
		{E7A9528B-C7D9-4DF1-B350-45334286CFFC}.Debug|Any CPU.ActiveCfg = Debug|Any CPU
		{E7A9528B-C7D9-4DF1-B350-45334286CFFC}.Debug|Any CPU.Build.0 = Debug|Any CPU
		{E7A9528B-C7D9-4DF1-B350-45334286CFFC}.Debug|x64.ActiveCfg = Debug|Any CPU
		{E7A9528B-C7D9-4DF1-B350-45334286CFFC}.Debug|x64.Build.0 = Debug|Any CPU
		{E7A9528B-C7D9-4DF1-B350-45334286CFFC}.Debug|x86.ActiveCfg = Debug|Any CPU
		{E7A9528B-C7D9-4DF1-B350-45334286CFFC}.Debug|x86.Build.0 = Debug|Any CPU
		{E7A9528B-C7D9-4DF1-B350-45334286CFFC}.ReleaseMono|Any CPU.ActiveCfg = Debug|Any CPU
		{E7A9528B-C7D9-4DF1-B350-45334286CFFC}.ReleaseMono|Any CPU.Build.0 = Debug|Any CPU
		{E7A9528B-C7D9-4DF1-B350-45334286CFFC}.ReleaseMono|x64.ActiveCfg = Debug|Any CPU
		{E7A9528B-C7D9-4DF1-B350-45334286CFFC}.ReleaseMono|x64.Build.0 = Debug|Any CPU
		{E7A9528B-C7D9-4DF1-B350-45334286CFFC}.ReleaseMono|x86.ActiveCfg = Debug|Any CPU
		{E7A9528B-C7D9-4DF1-B350-45334286CFFC}.ReleaseMono|x86.Build.0 = Debug|Any CPU
		{E7A9528B-C7D9-4DF1-B350-45334286CFFC}.Release|Any CPU.ActiveCfg = Release|Any CPU
		{E7A9528B-C7D9-4DF1-B350-45334286CFFC}.Release|Any CPU.Build.0 = Release|Any CPU
		{E7A9528B-C7D9-4DF1-B350-45334286CFFC}.Release|x64.ActiveCfg = Release|Any CPU
		{E7A9528B-C7D9-4DF1-B350-45334286CFFC}.Release|x64.Build.0 = Release|Any CPU
		{E7A9528B-C7D9-4DF1-B350-45334286CFFC}.Release|x86.ActiveCfg = Release|Any CPU
		{E7A9528B-C7D9-4DF1-B350-45334286CFFC}.Release|x86.Build.0 = Release|Any CPU
		{838B83D6-6C32-4C14-97CE-7078285BCF45}.Debug|Any CPU.ActiveCfg = Debug|Any CPU
		{838B83D6-6C32-4C14-97CE-7078285BCF45}.Debug|Any CPU.Build.0 = Debug|Any CPU
		{838B83D6-6C32-4C14-97CE-7078285BCF45}.Debug|x64.ActiveCfg = Debug|Any CPU
		{838B83D6-6C32-4C14-97CE-7078285BCF45}.Debug|x64.Build.0 = Debug|Any CPU
		{838B83D6-6C32-4C14-97CE-7078285BCF45}.Debug|x86.ActiveCfg = Debug|Any CPU
		{838B83D6-6C32-4C14-97CE-7078285BCF45}.Debug|x86.Build.0 = Debug|Any CPU
		{838B83D6-6C32-4C14-97CE-7078285BCF45}.ReleaseMono|Any CPU.ActiveCfg = Debug|Any CPU
		{838B83D6-6C32-4C14-97CE-7078285BCF45}.ReleaseMono|Any CPU.Build.0 = Debug|Any CPU
		{838B83D6-6C32-4C14-97CE-7078285BCF45}.ReleaseMono|x64.ActiveCfg = Debug|Any CPU
		{838B83D6-6C32-4C14-97CE-7078285BCF45}.ReleaseMono|x64.Build.0 = Debug|Any CPU
		{838B83D6-6C32-4C14-97CE-7078285BCF45}.ReleaseMono|x86.ActiveCfg = Debug|Any CPU
		{838B83D6-6C32-4C14-97CE-7078285BCF45}.ReleaseMono|x86.Build.0 = Debug|Any CPU
		{838B83D6-6C32-4C14-97CE-7078285BCF45}.Release|Any CPU.ActiveCfg = Release|Any CPU
		{838B83D6-6C32-4C14-97CE-7078285BCF45}.Release|Any CPU.Build.0 = Release|Any CPU
		{838B83D6-6C32-4C14-97CE-7078285BCF45}.Release|x64.ActiveCfg = Release|Any CPU
		{838B83D6-6C32-4C14-97CE-7078285BCF45}.Release|x64.Build.0 = Release|Any CPU
		{838B83D6-6C32-4C14-97CE-7078285BCF45}.Release|x86.ActiveCfg = Release|Any CPU
		{838B83D6-6C32-4C14-97CE-7078285BCF45}.Release|x86.Build.0 = Release|Any CPU
		{D9F63949-CB11-48E9-AA90-2D398CE45B07}.Debug|Any CPU.ActiveCfg = Debug|Any CPU
		{D9F63949-CB11-48E9-AA90-2D398CE45B07}.Debug|Any CPU.Build.0 = Debug|Any CPU
		{D9F63949-CB11-48E9-AA90-2D398CE45B07}.Debug|x64.ActiveCfg = Debug|Any CPU
		{D9F63949-CB11-48E9-AA90-2D398CE45B07}.Debug|x64.Build.0 = Debug|Any CPU
		{D9F63949-CB11-48E9-AA90-2D398CE45B07}.Debug|x86.ActiveCfg = Debug|Any CPU
		{D9F63949-CB11-48E9-AA90-2D398CE45B07}.Debug|x86.Build.0 = Debug|Any CPU
		{D9F63949-CB11-48E9-AA90-2D398CE45B07}.ReleaseMono|Any CPU.ActiveCfg = Debug|Any CPU
		{D9F63949-CB11-48E9-AA90-2D398CE45B07}.ReleaseMono|Any CPU.Build.0 = Debug|Any CPU
		{D9F63949-CB11-48E9-AA90-2D398CE45B07}.ReleaseMono|x64.ActiveCfg = Debug|Any CPU
		{D9F63949-CB11-48E9-AA90-2D398CE45B07}.ReleaseMono|x64.Build.0 = Debug|Any CPU
		{D9F63949-CB11-48E9-AA90-2D398CE45B07}.ReleaseMono|x86.ActiveCfg = Debug|Any CPU
		{D9F63949-CB11-48E9-AA90-2D398CE45B07}.ReleaseMono|x86.Build.0 = Debug|Any CPU
		{D9F63949-CB11-48E9-AA90-2D398CE45B07}.Release|Any CPU.ActiveCfg = Release|Any CPU
		{D9F63949-CB11-48E9-AA90-2D398CE45B07}.Release|Any CPU.Build.0 = Release|Any CPU
		{D9F63949-CB11-48E9-AA90-2D398CE45B07}.Release|x64.ActiveCfg = Release|Any CPU
		{D9F63949-CB11-48E9-AA90-2D398CE45B07}.Release|x64.Build.0 = Release|Any CPU
		{D9F63949-CB11-48E9-AA90-2D398CE45B07}.Release|x86.ActiveCfg = Release|Any CPU
		{D9F63949-CB11-48E9-AA90-2D398CE45B07}.Release|x86.Build.0 = Release|Any CPU
	EndGlobalSection
	GlobalSection(SolutionProperties) = preSolution
		HideSolutionNode = FALSE
	EndGlobalSection
	GlobalSection(NestedProjects) = preSolution
		{50E14C9A-3C2F-4A51-971F-6143952D0F1C} = {AC908E33-B856-4E23-9F81-B7F7C97A07F9}
		{3BA7D9BE-EBBF-432E-9880-0E2D2C17FCF8} = {B9C00FAF-36CF-463A-83FA-43E6B974AE2E}
		{A5DE942D-912D-4012-8493-1E958E5445F4} = {AC908E33-B856-4E23-9F81-B7F7C97A07F9}
		{2E17A091-DC29-41FB-ABC8-767BD75FFB07} = {AC908E33-B856-4E23-9F81-B7F7C97A07F9}
		{6D7A63C9-16AB-4B7E-B9C0-0956E1E02610} = {B9C00FAF-36CF-463A-83FA-43E6B974AE2E}
		{2BC01C4C-288B-4768-BAD0-9BC441D82505} = {AC908E33-B856-4E23-9F81-B7F7C97A07F9}
		{DDD598B2-005F-4CB2-B26B-A40CC0F9DE8E} = {AC908E33-B856-4E23-9F81-B7F7C97A07F9}
		{5B2BF317-7315-431F-A854-488CD541F42E} = {B9C00FAF-36CF-463A-83FA-43E6B974AE2E}
		{C7EFF544-391C-488F-A747-2663AFEED250} = {AC908E33-B856-4E23-9F81-B7F7C97A07F9}
		{0527BEA9-CC2D-4C31-BCFA-350619DBC7F1} = {AC908E33-B856-4E23-9F81-B7F7C97A07F9}
		{816ED594-DAE5-4311-AFC9-5B64D0070872} = {B9C00FAF-36CF-463A-83FA-43E6B974AE2E}
		{BC3E6597-E515-4C6B-BD99-767C2C66252C} = {B9C00FAF-36CF-463A-83FA-43E6B974AE2E}
		{CC4C156E-8357-4957-B083-97D2191D3132} = {AC908E33-B856-4E23-9F81-B7F7C97A07F9}
		{D662B19C-8953-40EF-B6DD-DD8B1EF0C5B0} = {B9C00FAF-36CF-463A-83FA-43E6B974AE2E}
		{EBDBAC94-35C3-48A3-9A26-8B963FECDC2B} = {AC908E33-B856-4E23-9F81-B7F7C97A07F9}
		{89877A45-349B-4C88-8EB2-30A92BFC84AA} = {B9C00FAF-36CF-463A-83FA-43E6B974AE2E}
		{0663E799-0F0D-4894-B47A-2EB3764D737B} = {B9C00FAF-36CF-463A-83FA-43E6B974AE2E}
		{E7A9528B-C7D9-4DF1-B350-45334286CFFC} = {B9C00FAF-36CF-463A-83FA-43E6B974AE2E}
		{838B83D6-6C32-4C14-97CE-7078285BCF45} = {AC908E33-B856-4E23-9F81-B7F7C97A07F9}
		{D9F63949-CB11-48E9-AA90-2D398CE45B07} = {B9C00FAF-36CF-463A-83FA-43E6B974AE2E}
	EndGlobalSection
	GlobalSection(ExtensibilityGlobals) = postSolution
		SolutionGuid = {DB552D2A-94E1-4A1C-9F3E-E0097C6158CD}
	EndGlobalSection
EndGlobal
